// !$*UTF8*$!
{
	archiveVersion = 1;
	classes = {
	};
	objectVersion = 56;
	objects = {

/* Begin PBXBuildFile section */
		790A893A297D51D2007B4651 /* dev_LandmarksApp.swift in Sources */ = {isa = PBXBuildFile; fileRef = 790A8939297D51D2007B4651 /* dev_LandmarksApp.swift */; };
		790A893C297D51D2007B4651 /* ContentView.swift in Sources */ = {isa = PBXBuildFile; fileRef = 790A893B297D51D2007B4651 /* ContentView.swift */; };
		790A893E297D51D3007B4651 /* Assets.xcassets in Resources */ = {isa = PBXBuildFile; fileRef = 790A893D297D51D3007B4651 /* Assets.xcassets */; };
		790A8941297D51D3007B4651 /* Preview Assets.xcassets in Resources */ = {isa = PBXBuildFile; fileRef = 790A8940297D51D3007B4651 /* Preview Assets.xcassets */; };
		790A8948297D666F007B4651 /* CircleImage.swift in Sources */ = {isa = PBXBuildFile; fileRef = 790A8947297D666F007B4651 /* CircleImage.swift */; };
		790A894A297D688C007B4651 /* MapView.swift in Sources */ = {isa = PBXBuildFile; fileRef = 790A8949297D688C007B4651 /* MapView.swift */; };
		790A894C297D7470007B4651 /* landmarkData.json in Resources */ = {isa = PBXBuildFile; fileRef = 790A894B297D7470007B4651 /* landmarkData.json */; };
		790A894E297D7496007B4651 /* Landmark.swift in Sources */ = {isa = PBXBuildFile; fileRef = 790A894D297D7496007B4651 /* Landmark.swift */; };
		790A8950297D7926007B4651 /* ModelData.swift in Sources */ = {isa = PBXBuildFile; fileRef = 790A894F297D7926007B4651 /* ModelData.swift */; };
		790A8956297D8133007B4651 /* LandmarkRow.swift in Sources */ = {isa = PBXBuildFile; fileRef = 790A8955297D8133007B4651 /* LandmarkRow.swift */; };
		790A8958297D8BBC007B4651 /* LandmarkList.swift in Sources */ = {isa = PBXBuildFile; fileRef = 790A8957297D8BBC007B4651 /* LandmarkList.swift */; };
/* End PBXBuildFile section */

/* Begin PBXFileReference section */
		790A8936297D51D2007B4651 /* dev-Landmarks.app */ = {isa = PBXFileReference; explicitFileType = wrapper.application; includeInIndex = 0; path = "dev-Landmarks.app"; sourceTree = BUILT_PRODUCTS_DIR; };
		790A8939297D51D2007B4651 /* dev_LandmarksApp.swift */ = {isa = PBXFileReference; lastKnownFileType = sourcecode.swift; path = dev_LandmarksApp.swift; sourceTree = "<group>"; };
		790A893B297D51D2007B4651 /* ContentView.swift */ = {isa = PBXFileReference; lastKnownFileType = sourcecode.swift; path = ContentView.swift; sourceTree = "<group>"; };
		790A893D297D51D3007B4651 /* Assets.xcassets */ = {isa = PBXFileReference; lastKnownFileType = folder.assetcatalog; path = Assets.xcassets; sourceTree = "<group>"; };
		790A8940297D51D3007B4651 /* Preview Assets.xcassets */ = {isa = PBXFileReference; lastKnownFileType = folder.assetcatalog; path = "Preview Assets.xcassets"; sourceTree = "<group>"; };
		790A8947297D666F007B4651 /* CircleImage.swift */ = {isa = PBXFileReference; lastKnownFileType = sourcecode.swift; path = CircleImage.swift; sourceTree = "<group>"; };
		790A8949297D688C007B4651 /* MapView.swift */ = {isa = PBXFileReference; lastKnownFileType = sourcecode.swift; path = MapView.swift; sourceTree = "<group>"; };
		790A894B297D7470007B4651 /* landmarkData.json */ = {isa = PBXFileReference; fileEncoding = 4; lastKnownFileType = text.json; path = landmarkData.json; sourceTree = "<group>"; };
		790A894D297D7496007B4651 /* Landmark.swift */ = {isa = PBXFileReference; lastKnownFileType = sourcecode.swift; path = Landmark.swift; sourceTree = "<group>"; };
		790A894F297D7926007B4651 /* ModelData.swift */ = {isa = PBXFileReference; lastKnownFileType = sourcecode.swift; path = ModelData.swift; sourceTree = "<group>"; };
		790A8955297D8133007B4651 /* LandmarkRow.swift */ = {isa = PBXFileReference; lastKnownFileType = sourcecode.swift; path = LandmarkRow.swift; sourceTree = "<group>"; };
		790A8957297D8BBC007B4651 /* LandmarkList.swift */ = {isa = PBXFileReference; lastKnownFileType = sourcecode.swift; path = LandmarkList.swift; sourceTree = "<group>"; };
/* End PBXFileReference section */

/* Begin PBXFrameworksBuildPhase section */
		790A8933297D51D2007B4651 /* Frameworks */ = {
			isa = PBXFrameworksBuildPhase;
			buildActionMask = 2147483647;
			files = (
			);
			runOnlyForDeploymentPostprocessing = 0;
		};
/* End PBXFrameworksBuildPhase section */

/* Begin PBXGroup section */
		790A892D297D51D2007B4651 = {
			isa = PBXGroup;
			children = (
				790A8938297D51D2007B4651 /* dev-Landmarks */,
				790A8937297D51D2007B4651 /* Products */,
			);
			sourceTree = "<group>";
		};
		790A8937297D51D2007B4651 /* Products */ = {
			isa = PBXGroup;
			children = (
				790A8936297D51D2007B4651 /* dev-Landmarks.app */,
			);
			name = Products;
			sourceTree = "<group>";
		};
		790A8938297D51D2007B4651 /* dev-Landmarks */ = {
			isa = PBXGroup;
			children = (
				790A8954297D7D70007B4651 /* Resources */,
				790A8951297D7D38007B4651 /* Model */,
				790A8939297D51D2007B4651 /* dev_LandmarksApp.swift */,
				790A8953297D7D5B007B4651 /* Views */,
				790A893D297D51D3007B4651 /* Assets.xcassets */,
				790A893F297D51D3007B4651 /* Preview Content */,
			);
			path = "dev-Landmarks";
			sourceTree = "<group>";
		};
		790A893F297D51D3007B4651 /* Preview Content */ = {
			isa = PBXGroup;
			children = (
				790A8940297D51D3007B4651 /* Preview Assets.xcassets */,
			);
			path = "Preview Content";
			sourceTree = "<group>";
		};
		790A8951297D7D38007B4651 /* Model */ = {
			isa = PBXGroup;
			children = (
				790A894D297D7496007B4651 /* Landmark.swift */,
				790A894F297D7926007B4651 /* ModelData.swift */,
			);
			path = Model;
			sourceTree = "<group>";
		};
		790A8953297D7D5B007B4651 /* Views */ = {
			isa = PBXGroup;
			children = (
				790A893B297D51D2007B4651 /* ContentView.swift */,
				790A8947297D666F007B4651 /* CircleImage.swift */,
				790A8949297D688C007B4651 /* MapView.swift */,
				790A8955297D8133007B4651 /* LandmarkRow.swift */,
				790A8957297D8BBC007B4651 /* LandmarkList.swift */,
			);
			path = Views;
			sourceTree = "<group>";
		};
		790A8954297D7D70007B4651 /* Resources */ = {
			isa = PBXGroup;
			children = (
				790A894B297D7470007B4651 /* landmarkData.json */,
			);
			path = Resources;
			sourceTree = "<group>";
		};
/* End PBXGroup section */

/* Begin PBXNativeTarget section */
		790A8935297D51D2007B4651 /* dev-Landmarks */ = {
			isa = PBXNativeTarget;
			buildConfigurationList = 790A8944297D51D3007B4651 /* Build configuration list for PBXNativeTarget "dev-Landmarks" */;
			buildPhases = (
				790A8932297D51D2007B4651 /* Sources */,
				790A8933297D51D2007B4651 /* Frameworks */,
				790A8934297D51D2007B4651 /* Resources */,
			);
			buildRules = (
			);
			dependencies = (
			);
			name = "dev-Landmarks";
			productName = "dev-Landmarks";
			productReference = 790A8936297D51D2007B4651 /* dev-Landmarks.app */;
			productType = "com.apple.product-type.application";
		};
/* End PBXNativeTarget section */

/* Begin PBXProject section */
		790A892E297D51D2007B4651 /* Project object */ = {
			isa = PBXProject;
			attributes = {
				BuildIndependentTargetsInParallel = 1;
				LastSwiftUpdateCheck = 1420;
				LastUpgradeCheck = 1420;
				TargetAttributes = {
					790A8935297D51D2007B4651 = {
						CreatedOnToolsVersion = 14.2;
					};
				};
			};
			buildConfigurationList = 790A8931297D51D2007B4651 /* Build configuration list for PBXProject "dev-Landmarks" */;
			compatibilityVersion = "Xcode 14.0";
			developmentRegion = en;
			hasScannedForEncodings = 0;
			knownRegions = (
				en,
				Base,
			);
			mainGroup = 790A892D297D51D2007B4651;
			productRefGroup = 790A8937297D51D2007B4651 /* Products */;
			projectDirPath = "";
			projectRoot = "";
			targets = (
				790A8935297D51D2007B4651 /* dev-Landmarks */,
			);
		};
/* End PBXProject section */

/* Begin PBXResourcesBuildPhase section */
		790A8934297D51D2007B4651 /* Resources */ = {
			isa = PBXResourcesBuildPhase;
			buildActionMask = 2147483647;
			files = (
				790A8941297D51D3007B4651 /* Preview Assets.xcassets in Resources */,
				790A893E297D51D3007B4651 /* Assets.xcassets in Resources */,
				790A894C297D7470007B4651 /* landmarkData.json in Resources */,
			);
			runOnlyForDeploymentPostprocessing = 0;
		};
/* End PBXResourcesBuildPhase section */

/* Begin PBXSourcesBuildPhase section */
		790A8932297D51D2007B4651 /* Sources */ = {
			isa = PBXSourcesBuildPhase;
			buildActionMask = 2147483647;
			files = (
				790A893C297D51D2007B4651 /* ContentView.swift in Sources */,
				790A894A297D688C007B4651 /* MapView.swift in Sources */,
				790A893A297D51D2007B4651 /* dev_LandmarksApp.swift in Sources */,
				790A8958297D8BBC007B4651 /* LandmarkList.swift in Sources */,
				790A8948297D666F007B4651 /* CircleImage.swift in Sources */,
				790A894E297D7496007B4651 /* Landmark.swift in Sources */,
				790A8956297D8133007B4651 /* LandmarkRow.swift in Sources */,
				790A8950297D7926007B4651 /* ModelData.swift in Sources */,
			);
			runOnlyForDeploymentPostprocessing = 0;
		};
/* End PBXSourcesBuildPhase section */

/* Begin XCBuildConfiguration section */
		790A8942297D51D3007B4651 /* Debug */ = {
			isa = XCBuildConfiguration;
			buildSettings = {
				ALWAYS_SEARCH_USER_PATHS = NO;
				CLANG_ANALYZER_NONNULL = YES;
				CLANG_ANALYZER_NUMBER_OBJECT_CONVERSION = YES_AGGRESSIVE;
				CLANG_CXX_LANGUAGE_STANDARD = "gnu++20";
				CLANG_ENABLE_MODULES = YES;
				CLANG_ENABLE_OBJC_ARC = YES;
				CLANG_ENABLE_OBJC_WEAK = YES;
				CLANG_WARN_BLOCK_CAPTURE_AUTORELEASING = YES;
				CLANG_WARN_BOOL_CONVERSION = YES;
				CLANG_WARN_COMMA = YES;
				CLANG_WARN_CONSTANT_CONVERSION = YES;
				CLANG_WARN_DEPRECATED_OBJC_IMPLEMENTATIONS = YES;
				CLANG_WARN_DIRECT_OBJC_ISA_USAGE = YES_ERROR;
				CLANG_WARN_DOCUMENTATION_COMMENTS = YES;
				CLANG_WARN_EMPTY_BODY = YES;
				CLANG_WARN_ENUM_CONVERSION = YES;
				CLANG_WARN_INFINITE_RECURSION = YES;
				CLANG_WARN_INT_CONVERSION = YES;
				CLANG_WARN_NON_LITERAL_NULL_CONVERSION = YES;
				CLANG_WARN_OBJC_IMPLICIT_RETAIN_SELF = YES;
				CLANG_WARN_OBJC_LITERAL_CONVERSION = YES;
				CLANG_WARN_OBJC_ROOT_CLASS = YES_ERROR;
				CLANG_WARN_QUOTED_INCLUDE_IN_FRAMEWORK_HEADER = YES;
				CLANG_WARN_RANGE_LOOP_ANALYSIS = YES;
				CLANG_WARN_STRICT_PROTOTYPES = YES;
				CLANG_WARN_SUSPICIOUS_MOVE = YES;
				CLANG_WARN_UNGUARDED_AVAILABILITY = YES_AGGRESSIVE;
				CLANG_WARN_UNREACHABLE_CODE = YES;
				CLANG_WARN__DUPLICATE_METHOD_MATCH = YES;
				COPY_PHASE_STRIP = NO;
				DEBUG_INFORMATION_FORMAT = dwarf;
				ENABLE_STRICT_OBJC_MSGSEND = YES;
				ENABLE_TESTABILITY = YES;
				GCC_C_LANGUAGE_STANDARD = gnu11;
				GCC_DYNAMIC_NO_PIC = NO;
				GCC_NO_COMMON_BLOCKS = YES;
				GCC_OPTIMIZATION_LEVEL = 0;
				GCC_PREPROCESSOR_DEFINITIONS = (
					"DEBUG=1",
					"$(inherited)",
				);
				GCC_WARN_64_TO_32_BIT_CONVERSION = YES;
				GCC_WARN_ABOUT_RETURN_TYPE = YES_ERROR;
				GCC_WARN_UNDECLARED_SELECTOR = YES;
				GCC_WARN_UNINITIALIZED_AUTOS = YES_AGGRESSIVE;
				GCC_WARN_UNUSED_FUNCTION = YES;
				GCC_WARN_UNUSED_VARIABLE = YES;
				IPHONEOS_DEPLOYMENT_TARGET = 16.2;
				MTL_ENABLE_DEBUG_INFO = INCLUDE_SOURCE;
				MTL_FAST_MATH = YES;
				ONLY_ACTIVE_ARCH = YES;
				SDKROOT = iphoneos;
				SWIFT_ACTIVE_COMPILATION_CONDITIONS = DEBUG;
				SWIFT_OPTIMIZATION_LEVEL = "-Onone";
			};
			name = Debug;
		};
		790A8943297D51D3007B4651 /* Release */ = {
			isa = XCBuildConfiguration;
			buildSettings = {
				ALWAYS_SEARCH_USER_PATHS = NO;
				CLANG_ANALYZER_NONNULL = YES;
				CLANG_ANALYZER_NUMBER_OBJECT_CONVERSION = YES_AGGRESSIVE;
				CLANG_CXX_LANGUAGE_STANDARD = "gnu++20";
				CLANG_ENABLE_MODULES = YES;
				CLANG_ENABLE_OBJC_ARC = YES;
				CLANG_ENABLE_OBJC_WEAK = YES;
				CLANG_WARN_BLOCK_CAPTURE_AUTORELEASING = YES;
				CLANG_WARN_BOOL_CONVERSION = YES;
				CLANG_WARN_COMMA = YES;
				CLANG_WARN_CONSTANT_CONVERSION = YES;
				CLANG_WARN_DEPRECATED_OBJC_IMPLEMENTATIONS = YES;
				CLANG_WARN_DIRECT_OBJC_ISA_USAGE = YES_ERROR;
				CLANG_WARN_DOCUMENTATION_COMMENTS = YES;
				CLANG_WARN_EMPTY_BODY = YES;
				CLANG_WARN_ENUM_CONVERSION = YES;
				CLANG_WARN_INFINITE_RECURSION = YES;
				CLANG_WARN_INT_CONVERSION = YES;
				CLANG_WARN_NON_LITERAL_NULL_CONVERSION = YES;
				CLANG_WARN_OBJC_IMPLICIT_RETAIN_SELF = YES;
				CLANG_WARN_OBJC_LITERAL_CONVERSION = YES;
				CLANG_WARN_OBJC_ROOT_CLASS = YES_ERROR;
				CLANG_WARN_QUOTED_INCLUDE_IN_FRAMEWORK_HEADER = YES;
				CLANG_WARN_RANGE_LOOP_ANALYSIS = YES;
				CLANG_WARN_STRICT_PROTOTYPES = YES;
				CLANG_WARN_SUSPICIOUS_MOVE = YES;
				CLANG_WARN_UNGUARDED_AVAILABILITY = YES_AGGRESSIVE;
				CLANG_WARN_UNREACHABLE_CODE = YES;
				CLANG_WARN__DUPLICATE_METHOD_MATCH = YES;
				COPY_PHASE_STRIP = NO;
				DEBUG_INFORMATION_FORMAT = "dwarf-with-dsym";
				ENABLE_NS_ASSERTIONS = NO;
				ENABLE_STRICT_OBJC_MSGSEND = YES;
				GCC_C_LANGUAGE_STANDARD = gnu11;
				GCC_NO_COMMON_BLOCKS = YES;
				GCC_WARN_64_TO_32_BIT_CONVERSION = YES;
				GCC_WARN_ABOUT_RETURN_TYPE = YES_ERROR;
				GCC_WARN_UNDECLARED_SELECTOR = YES;
				GCC_WARN_UNINITIALIZED_AUTOS = YES_AGGRESSIVE;
				GCC_WARN_UNUSED_FUNCTION = YES;
				GCC_WARN_UNUSED_VARIABLE = YES;
				IPHONEOS_DEPLOYMENT_TARGET = 16.2;
				MTL_ENABLE_DEBUG_INFO = NO;
				MTL_FAST_MATH = YES;
				SDKROOT = iphoneos;
				SWIFT_COMPILATION_MODE = wholemodule;
				SWIFT_OPTIMIZATION_LEVEL = "-O";
				VALIDATE_PRODUCT = YES;
			};
			name = Release;
		};
		790A8945297D51D3007B4651 /* Debug */ = {
			isa = XCBuildConfiguration;
			buildSettings = {
				ASSETCATALOG_COMPILER_APPICON_NAME = AppIcon;
				ASSETCATALOG_COMPILER_GLOBAL_ACCENT_COLOR_NAME = AccentColor;
				CODE_SIGN_STYLE = Automatic;
				CURRENT_PROJECT_VERSION = 1;
				DEVELOPMENT_ASSET_PATHS = "\"dev-Landmarks/Preview Content\"";
				DEVELOPMENT_TEAM = 2R664XUP9H;
				ENABLE_PREVIEWS = YES;
				GENERATE_INFOPLIST_FILE = YES;
				INFOPLIST_KEY_UIApplicationSceneManifest_Generation = YES;
				INFOPLIST_KEY_UIApplicationSupportsIndirectInputEvents = YES;
				INFOPLIST_KEY_UILaunchScreen_Generation = YES;
				INFOPLIST_KEY_UISupportedInterfaceOrientations_iPad = "UIInterfaceOrientationPortrait UIInterfaceOrientationPortraitUpsideDown UIInterfaceOrientationLandscapeLeft UIInterfaceOrientationLandscapeRight";
				INFOPLIST_KEY_UISupportedInterfaceOrientations_iPhone = "UIInterfaceOrientationPortrait UIInterfaceOrientationLandscapeLeft UIInterfaceOrientationLandscapeRight";
				LD_RUNPATH_SEARCH_PATHS = (
					"$(inherited)",
					"@executable_path/Frameworks",
				);
				MARKETING_VERSION = 1.0;
				PRODUCT_BUNDLE_IDENTIFIER = "com.TaugaExperience.dev-Landmarks";
				PRODUCT_NAME = "$(TARGET_NAME)";
				SWIFT_EMIT_LOC_STRINGS = YES;
				SWIFT_VERSION = 5.0;
				TARGETED_DEVICE_FAMILY = "1,2";
			};
			name = Debug;
		};
		790A8946297D51D3007B4651 /* Release */ = {
			isa = XCBuildConfiguration;
			buildSettings = {
				ASSETCATALOG_COMPILER_APPICON_NAME = AppIcon;
				ASSETCATALOG_COMPILER_GLOBAL_ACCENT_COLOR_NAME = AccentColor;
				CODE_SIGN_STYLE = Automatic;
				CURRENT_PROJECT_VERSION = 1;
				DEVELOPMENT_ASSET_PATHS = "\"dev-Landmarks/Preview Content\"";
				DEVELOPMENT_TEAM = 2R664XUP9H;
				ENABLE_PREVIEWS = YES;
				GENERATE_INFOPLIST_FILE = YES;
				INFOPLIST_KEY_UIApplicationSceneManifest_Generation = YES;
				INFOPLIST_KEY_UIApplicationSupportsIndirectInputEvents = YES;
				INFOPLIST_KEY_UILaunchScreen_Generation = YES;
				INFOPLIST_KEY_UISupportedInterfaceOrientations_iPad = "UIInterfaceOrientationPortrait UIInterfaceOrientationPortraitUpsideDown UIInterfaceOrientationLandscapeLeft UIInterfaceOrientationLandscapeRight";
				INFOPLIST_KEY_UISupportedInterfaceOrientations_iPhone = "UIInterfaceOrientationPortrait UIInterfaceOrientationLandscapeLeft UIInterfaceOrientationLandscapeRight";
				LD_RUNPATH_SEARCH_PATHS = (
					"$(inherited)",
					"@executable_path/Frameworks",
				);
				MARKETING_VERSION = 1.0;
				PRODUCT_BUNDLE_IDENTIFIER = "com.TaugaExperience.dev-Landmarks";
				PRODUCT_NAME = "$(TARGET_NAME)";
				SWIFT_EMIT_LOC_STRINGS = YES;
				SWIFT_VERSION = 5.0;
				TARGETED_DEVICE_FAMILY = "1,2";
			};
			name = Release;
		};
/* End XCBuildConfiguration section */

/* Begin XCConfigurationList section */
		790A8931297D51D2007B4651 /* Build configuration list for PBXProject "dev-Landmarks" */ = {
			isa = XCConfigurationList;
			buildConfigurations = (
				790A8942297D51D3007B4651 /* Debug */,
				790A8943297D51D3007B4651 /* Release */,
			);
			defaultConfigurationIsVisible = 0;
			defaultConfigurationName = Release;
		};
		790A8944297D51D3007B4651 /* Build configuration list for PBXNativeTarget "dev-Landmarks" */ = {
			isa = XCConfigurationList;
			buildConfigurations = (
				790A8945297D51D3007B4651 /* Debug */,
				790A8946297D51D3007B4651 /* Release */,
			);
			defaultConfigurationIsVisible = 0;
			defaultConfigurationName = Release;
		};
/* End XCConfigurationList section */
	};
	rootObject = 790A892E297D51D2007B4651 /* Project object */;
}
